
Microsoft Visual Studio Solution File, Format Version 12.00
# Visual Studio Version 17
VisualStudioVersion = 17.3.32825.248
MinimumVisualStudioVersion = 10.0.40219.1
Project("{FAE04EC0-301F-11D3-BF4B-00C04F79EFBC}") = "TestProject", "TestProject\TestProject.csproj", "{747C4A59-E637-43A2-B3C6-79F70331CD77}"
EndProject
Project("{FAE04EC0-301F-11D3-BF4B-00C04F79EFBC}") = "ClassLibrary1", "ClassLibrary1\ClassLibrary1.csproj", "{F314B52F-D991-414F-A662-A4CB3FB00806}"
EndProject
Global
	GlobalSection(SolutionConfigurationPlatforms) = preSolution
		Debug|Any CPU = Debug|Any CPU
		Release|Any CPU = Release|Any CPU
	EndGlobalSection
	GlobalSection(ProjectConfigurationPlatforms) = postSolution
		{747C4A59-E637-43A2-B3C6-79F70331CD77}.Debug|Any CPU.ActiveCfg = Debug|Any CPU
		{747C4A59-E637-43A2-B3C6-79F70331CD77}.Debug|Any CPU.Build.0 = Debug|Any CPU
		{747C4A59-E637-43A2-B3C6-79F70331CD77}.Release|Any CPU.ActiveCfg = Release|Any CPU
		{747C4A59-E637-43A2-B3C6-79F70331CD77}.Release|Any CPU.Build.0 = Release|Any CPU
		{F314B52F-D991-414F-A662-A4CB3FB00806}.Debug|Any CPU.ActiveCfg = Debug|Any CPU
		{F314B52F-D991-414F-A662-A4CB3FB00806}.Debug|Any CPU.Build.0 = Debug|Any CPU
		{F314B52F-D991-414F-A662-A4CB3FB00806}.Release|Any CPU.ActiveCfg = Release|Any CPU
		{F314B52F-D991-414F-A662-A4CB3FB00806}.Release|Any CPU.Build.0 = Release|Any CPU
	EndGlobalSection
	GlobalSection(SolutionProperties) = preSolution
		HideSolutionNode = FALSE
	EndGlobalSection
	GlobalSection(ExtensibilityGlobals) = postSolution
		SolutionGuid = {E09097CF-9F73-4085-9CAC-80D50090484C}
	EndGlobalSection
EndGlobal
